// !$*UTF8*$!
{
	archiveVersion = 1;
	classes = {
	};
	objectVersion = 50;
	objects = {

/* Begin PBXBuildFile section */
		4060D56726F03725005C2956 /* AppDelegate.swift in Sources */ = {isa = PBXBuildFile; fileRef = 4060D56626F03725005C2956 /* AppDelegate.swift */; };
		4060D56926F03725005C2956 /* SceneDelegate.swift in Sources */ = {isa = PBXBuildFile; fileRef = 4060D56826F03725005C2956 /* SceneDelegate.swift */; };
		4060D56E26F03725005C2956 /* Main.storyboard in Resources */ = {isa = PBXBuildFile; fileRef = 4060D56C26F03725005C2956 /* Main.storyboard */; };
		4060D57126F03725005C2956 /* MemoPractice.xcdatamodeld in Sources */ = {isa = PBXBuildFile; fileRef = 4060D56F26F03725005C2956 /* MemoPractice.xcdatamodeld */; };
		4060D57326F03727005C2956 /* Assets.xcassets in Resources */ = {isa = PBXBuildFile; fileRef = 4060D57226F03727005C2956 /* Assets.xcassets */; };
		4060D57626F03727005C2956 /* LaunchScreen.storyboard in Resources */ = {isa = PBXBuildFile; fileRef = 4060D57426F03727005C2956 /* LaunchScreen.storyboard */; };
		4060D57F26F05952005C2956 /* Model.swift in Sources */ = {isa = PBXBuildFile; fileRef = 4060D57E26F05952005C2956 /* Model.swift */; };
		4060D58126F066FD005C2956 /* MemoListTableViewController.swift in Sources */ = {isa = PBXBuildFile; fileRef = 4060D58026F066FD005C2956 /* MemoListTableViewController.swift */; };
		4060D58326F07A2C005C2956 /* ComposeViewController.swift in Sources */ = {isa = PBXBuildFile; fileRef = 4060D58226F07A2C005C2956 /* ComposeViewController.swift */; };
/* End PBXBuildFile section */

/* Begin PBXFileReference section */
		4060D56326F03725005C2956 /* MemoPractice.app */ = {isa = PBXFileReference; explicitFileType = wrapper.application; includeInIndex = 0; path = MemoPractice.app; sourceTree = BUILT_PRODUCTS_DIR; };
		4060D56626F03725005C2956 /* AppDelegate.swift */ = {isa = PBXFileReference; lastKnownFileType = sourcecode.swift; path = AppDelegate.swift; sourceTree = "<group>"; };
		4060D56826F03725005C2956 /* SceneDelegate.swift */ = {isa = PBXFileReference; lastKnownFileType = sourcecode.swift; path = SceneDelegate.swift; sourceTree = "<group>"; };
		4060D56D26F03725005C2956 /* Base */ = {isa = PBXFileReference; lastKnownFileType = file.storyboard; name = Base; path = Base.lproj/Main.storyboard; sourceTree = "<group>"; };
		4060D57026F03725005C2956 /* MemoPractice.xcdatamodel */ = {isa = PBXFileReference; lastKnownFileType = wrapper.xcdatamodel; path = MemoPractice.xcdatamodel; sourceTree = "<group>"; };
		4060D57226F03727005C2956 /* Assets.xcassets */ = {isa = PBXFileReference; lastKnownFileType = folder.assetcatalog; path = Assets.xcassets; sourceTree = "<group>"; };
		4060D57526F03727005C2956 /* Base */ = {isa = PBXFileReference; lastKnownFileType = file.storyboard; name = Base; path = Base.lproj/LaunchScreen.storyboard; sourceTree = "<group>"; };
		4060D57726F03727005C2956 /* Info.plist */ = {isa = PBXFileReference; lastKnownFileType = text.plist.xml; path = Info.plist; sourceTree = "<group>"; };
		4060D57E26F05952005C2956 /* Model.swift */ = {isa = PBXFileReference; lastKnownFileType = sourcecode.swift; path = Model.swift; sourceTree = "<group>"; };
		4060D58026F066FD005C2956 /* MemoListTableViewController.swift */ = {isa = PBXFileReference; lastKnownFileType = sourcecode.swift; path = MemoListTableViewController.swift; sourceTree = "<group>"; };
		4060D58226F07A2C005C2956 /* ComposeViewController.swift */ = {isa = PBXFileReference; lastKnownFileType = sourcecode.swift; path = ComposeViewController.swift; sourceTree = "<group>"; };
/* End PBXFileReference section */

/* Begin PBXFrameworksBuildPhase section */
		4060D56026F03725005C2956 /* Frameworks */ = {
			isa = PBXFrameworksBuildPhase;
			buildActionMask = 2147483647;
			files = (
			);
			runOnlyForDeploymentPostprocessing = 0;
		};
/* End PBXFrameworksBuildPhase section */

/* Begin PBXGroup section */
		4060D55A26F03725005C2956 = {
			isa = PBXGroup;
			children = (
				4060D56526F03725005C2956 /* MemoPractice */,
				4060D56426F03725005C2956 /* Products */,
			);
			sourceTree = "<group>";
		};
		4060D56426F03725005C2956 /* Products */ = {
			isa = PBXGroup;
			children = (
				4060D56326F03725005C2956 /* MemoPractice.app */,
			);
			name = Products;
			sourceTree = "<group>";
		};
		4060D56526F03725005C2956 /* MemoPractice */ = {
			isa = PBXGroup;
			children = (
				4060D57D26F05927005C2956 /* Model */,
				4060D56626F03725005C2956 /* AppDelegate.swift */,
				4060D56826F03725005C2956 /* SceneDelegate.swift */,
				4060D56C26F03725005C2956 /* Main.storyboard */,
				4060D57226F03727005C2956 /* Assets.xcassets */,
				4060D57426F03727005C2956 /* LaunchScreen.storyboard */,
				4060D57726F03727005C2956 /* Info.plist */,
				4060D56F26F03725005C2956 /* MemoPractice.xcdatamodeld */,
				4060D58026F066FD005C2956 /* MemoListTableViewController.swift */,
				4060D58226F07A2C005C2956 /* ComposeViewController.swift */,
			);
			path = MemoPractice;
			sourceTree = "<group>";
		};
		4060D57D26F05927005C2956 /* Model */ = {
			isa = PBXGroup;
			children = (
				4060D57E26F05952005C2956 /* Model.swift */,
			);
			path = Model;
			sourceTree = "<group>";
		};
/* End PBXGroup section */

/* Begin PBXNativeTarget section */
		4060D56226F03725005C2956 /* MemoPractice */ = {
			isa = PBXNativeTarget;
			buildConfigurationList = 4060D57A26F03727005C2956 /* Build configuration list for PBXNativeTarget "MemoPractice" */;
			buildPhases = (
				4060D55F26F03725005C2956 /* Sources */,
				4060D56026F03725005C2956 /* Frameworks */,
				4060D56126F03725005C2956 /* Resources */,
			);
			buildRules = (
			);
			dependencies = (
			);
			name = MemoPractice;
			productName = MemoPractice;
			productReference = 4060D56326F03725005C2956 /* MemoPractice.app */;
			productType = "com.apple.product-type.application";
		};
/* End PBXNativeTarget section */

/* Begin PBXProject section */
		4060D55B26F03725005C2956 /* Project object */ = {
			isa = PBXProject;
			attributes = {
				LastSwiftUpdateCheck = 1250;
				LastUpgradeCheck = 1250;
				TargetAttributes = {
					4060D56226F03725005C2956 = {
						CreatedOnToolsVersion = 12.5.1;
					};
				};
			};
			buildConfigurationList = 4060D55E26F03725005C2956 /* Build configuration list for PBXProject "MemoPractice" */;
			compatibilityVersion = "Xcode 9.3";
			developmentRegion = en;
			hasScannedForEncodings = 0;
			knownRegions = (
				en,
				Base,
			);
			mainGroup = 4060D55A26F03725005C2956;
			productRefGroup = 4060D56426F03725005C2956 /* Products */;
			projectDirPath = "";
			projectRoot = "";
			targets = (
				4060D56226F03725005C2956 /* MemoPractice */,
			);
		};
/* End PBXProject section */

/* Begin PBXResourcesBuildPhase section */
		4060D56126F03725005C2956 /* Resources */ = {
			isa = PBXResourcesBuildPhase;
			buildActionMask = 2147483647;
			files = (
				4060D57626F03727005C2956 /* LaunchScreen.storyboard in Resources */,
				4060D57326F03727005C2956 /* Assets.xcassets in Resources */,
				4060D56E26F03725005C2956 /* Main.storyboard in Resources */,
			);
			runOnlyForDeploymentPostprocessing = 0;
		};
/* End PBXResourcesBuildPhase section */

/* Begin PBXSourcesBuildPhase section */
		4060D55F26F03725005C2956 /* Sources */ = {
			isa = PBXSourcesBuildPhase;
			buildActionMask = 2147483647;
			files = (
				4060D56726F03725005C2956 /* AppDelegate.swift in Sources */,
				4060D57126F03725005C2956 /* MemoPractice.xcdatamodeld in Sources */,
				4060D58126F066FD005C2956 /* MemoListTableViewController.swift in Sources */,
				4060D58326F07A2C005C2956 /* ComposeViewController.swift in Sources */,
				4060D56926F03725005C2956 /* SceneDelegate.swift in Sources */,
				4060D57F26F05952005C2956 /* Model.swift in Sources */,
			);
			runOnlyForDeploymentPostprocessing = 0;
		};
/* End PBXSourcesBuildPhase section */

/* Begin PBXVariantGroup section */
		4060D56C26F03725005C2956 /* Main.storyboard */ = {
			isa = PBXVariantGroup;
			children = (
				4060D56D26F03725005C2956 /* Base */,
			);
			name = Main.storyboard;
			sourceTree = "<group>";
		};
		4060D57426F03727005C2956 /* LaunchScreen.storyboard */ = {
			isa = PBXVariantGroup;
			children = (
				4060D57526F03727005C2956 /* Base */,
			);
			name = LaunchScreen.storyboard;
			sourceTree = "<group>";
		};
/* End PBXVariantGroup section */

/* Begin XCBuildConfiguration section */
		4060D57826F03727005C2956 /* Debug */ = {
			isa = XCBuildConfiguration;
			buildSettings = {
				ALWAYS_SEARCH_USER_PATHS = NO;
				CLANG_ANALYZER_NONNULL = YES;
				CLANG_ANALYZER_NUMBER_OBJECT_CONVERSION = YES_AGGRESSIVE;
				CLANG_CXX_LANGUAGE_STANDARD = "gnu++14";
				CLANG_CXX_LIBRARY = "libc++";
				CLANG_ENABLE_MODULES = YES;
				CLANG_ENABLE_OBJC_ARC = YES;
				CLANG_ENABLE_OBJC_WEAK = YES;
				CLANG_WARN_BLOCK_CAPTURE_AUTORELEASING = YES;
				CLANG_WARN_BOOL_CONVERSION = YES;
				CLANG_WARN_COMMA = YES;
				CLANG_WARN_CONSTANT_CONVERSION = YES;
				CLANG_WARN_DEPRECATED_OBJC_IMPLEMENTATIONS = YES;
				CLANG_WARN_DIRECT_OBJC_ISA_USAGE = YES_ERROR;
				CLANG_WARN_DOCUMENTATION_COMMENTS = YES;
				CLANG_WARN_EMPTY_BODY = YES;
				CLANG_WARN_ENUM_CONVERSION = YES;
				CLANG_WARN_INFINITE_RECURSION = YES;
				CLANG_WARN_INT_CONVERSION = YES;
				CLANG_WARN_NON_LITERAL_NULL_CONVERSION = YES;
				CLANG_WARN_OBJC_IMPLICIT_RETAIN_SELF = YES;
				CLANG_WARN_OBJC_LITERAL_CONVERSION = YES;
				CLANG_WARN_OBJC_ROOT_CLASS = YES_ERROR;
				CLANG_WARN_QUOTED_INCLUDE_IN_FRAMEWORK_HEADER = YES;
				CLANG_WARN_RANGE_LOOP_ANALYSIS = YES;
				CLANG_WARN_STRICT_PROTOTYPES = YES;
				CLANG_WARN_SUSPICIOUS_MOVE = YES;
				CLANG_WARN_UNGUARDED_AVAILABILITY = YES_AGGRESSIVE;
				CLANG_WARN_UNREACHABLE_CODE = YES;
				CLANG_WARN__DUPLICATE_METHOD_MATCH = YES;
				COPY_PHASE_STRIP = NO;
				DEBUG_INFORMATION_FORMAT = dwarf;
				ENABLE_STRICT_OBJC_MSGSEND = YES;
				ENABLE_TESTABILITY = YES;
				GCC_C_LANGUAGE_STANDARD = gnu11;
				GCC_DYNAMIC_NO_PIC = NO;
				GCC_NO_COMMON_BLOCKS = YES;
				GCC_OPTIMIZATION_LEVEL = 0;
				GCC_PREPROCESSOR_DEFINITIONS = (
					"DEBUG=1",
					"$(inherited)",
				);
				GCC_WARN_64_TO_32_BIT_CONVERSION = YES;
				GCC_WARN_ABOUT_RETURN_TYPE = YES_ERROR;
				GCC_WARN_UNDECLARED_SELECTOR = YES;
				GCC_WARN_UNINITIALIZED_AUTOS = YES_AGGRESSIVE;
				GCC_WARN_UNUSED_FUNCTION = YES;
				GCC_WARN_UNUSED_VARIABLE = YES;
				IPHONEOS_DEPLOYMENT_TARGET = 14.5;
				MTL_ENABLE_DEBUG_INFO = INCLUDE_SOURCE;
				MTL_FAST_MATH = YES;
				ONLY_ACTIVE_ARCH = YES;
				SDKROOT = iphoneos;
				SWIFT_ACTIVE_COMPILATION_CONDITIONS = DEBUG;
				SWIFT_OPTIMIZATION_LEVEL = "-Onone";
			};
			name = Debug;
		};
		4060D57926F03727005C2956 /* Release */ = {
			isa = XCBuildConfiguration;
			buildSettings = {
				ALWAYS_SEARCH_USER_PATHS = NO;
				CLANG_ANALYZER_NONNULL = YES;
				CLANG_ANALYZER_NUMBER_OBJECT_CONVERSION = YES_AGGRESSIVE;
				CLANG_CXX_LANGUAGE_STANDARD = "gnu++14";
				CLANG_CXX_LIBRARY = "libc++";
				CLANG_ENABLE_MODULES = YES;
				CLANG_ENABLE_OBJC_ARC = YES;
				CLANG_ENABLE_OBJC_WEAK = YES;
				CLANG_WARN_BLOCK_CAPTURE_AUTORELEASING = YES;
				CLANG_WARN_BOOL_CONVERSION = YES;
				CLANG_WARN_COMMA = YES;
				CLANG_WARN_CONSTANT_CONVERSION = YES;
				CLANG_WARN_DEPRECATED_OBJC_IMPLEMENTATIONS = YES;
				CLANG_WARN_DIRECT_OBJC_ISA_USAGE = YES_ERROR;
				CLANG_WARN_DOCUMENTATION_COMMENTS = YES;
				CLANG_WARN_EMPTY_BODY = YES;
				CLANG_WARN_ENUM_CONVERSION = YES;
				CLANG_WARN_INFINITE_RECURSION = YES;
				CLANG_WARN_INT_CONVERSION = YES;
				CLANG_WARN_NON_LITERAL_NULL_CONVERSION = YES;
				CLANG_WARN_OBJC_IMPLICIT_RETAIN_SELF = YES;
				CLANG_WARN_OBJC_LITERAL_CONVERSION = YES;
				CLANG_WARN_OBJC_ROOT_CLASS = YES_ERROR;
				CLANG_WARN_QUOTED_INCLUDE_IN_FRAMEWORK_HEADER = YES;
				CLANG_WARN_RANGE_LOOP_ANALYSIS = YES;
				CLANG_WARN_STRICT_PROTOTYPES = YES;
				CLANG_WARN_SUSPICIOUS_MOVE = YES;
				CLANG_WARN_UNGUARDED_AVAILABILITY = YES_AGGRESSIVE;
				CLANG_WARN_UNREACHABLE_CODE = YES;
				CLANG_WARN__DUPLICATE_METHOD_MATCH = YES;
				COPY_PHASE_STRIP = NO;
				DEBUG_INFORMATION_FORMAT = "dwarf-with-dsym";
				ENABLE_NS_ASSERTIONS = NO;
				ENABLE_STRICT_OBJC_MSGSEND = YES;
				GCC_C_LANGUAGE_STANDARD = gnu11;
				GCC_NO_COMMON_BLOCKS = YES;
				GCC_WARN_64_TO_32_BIT_CONVERSION = YES;
				GCC_WARN_ABOUT_RETURN_TYPE = YES_ERROR;
				GCC_WARN_UNDECLARED_SELECTOR = YES;
				GCC_WARN_UNINITIALIZED_AUTOS = YES_AGGRESSIVE;
				GCC_WARN_UNUSED_FUNCTION = YES;
				GCC_WARN_UNUSED_VARIABLE = YES;
				IPHONEOS_DEPLOYMENT_TARGET = 14.5;
				MTL_ENABLE_DEBUG_INFO = NO;
				MTL_FAST_MATH = YES;
				SDKROOT = iphoneos;
				SWIFT_COMPILATION_MODE = wholemodule;
				SWIFT_OPTIMIZATION_LEVEL = "-O";
				VALIDATE_PRODUCT = YES;
			};
			name = Release;
		};
		4060D57B26F03727005C2956 /* Debug */ = {
			isa = XCBuildConfiguration;
			buildSettings = {
				ASSETCATALOG_COMPILER_APPICON_NAME = AppIcon;
				ASSETCATALOG_COMPILER_GLOBAL_ACCENT_COLOR_NAME = AccentColor;
				CODE_SIGN_STYLE = Automatic;
				DEVELOPMENT_TEAM = 23XC2KBTX8;
				INFOPLIST_FILE = MemoPractice/Info.plist;
				IPHONEOS_DEPLOYMENT_TARGET = 14.5;
				LD_RUNPATH_SEARCH_PATHS = (
					"$(inherited)",
					"@executable_path/Frameworks",
				);
				PRODUCT_BUNDLE_IDENTIFIER = sihyun.MemoPractice;
				PRODUCT_NAME = "$(TARGET_NAME)";
				SWIFT_VERSION = 5.0;
				TARGETED_DEVICE_FAMILY = "1,2";
			};
			name = Debug;
		};
		4060D57C26F03727005C2956 /* Release */ = {
			isa = XCBuildConfiguration;
			buildSettings = {
				ASSETCATALOG_COMPILER_APPICON_NAME = AppIcon;
				ASSETCATALOG_COMPILER_GLOBAL_ACCENT_COLOR_NAME = AccentColor;
				CODE_SIGN_STYLE = Automatic;
				DEVELOPMENT_TEAM = 23XC2KBTX8;
				INFOPLIST_FILE = MemoPractice/Info.plist;
				IPHONEOS_DEPLOYMENT_TARGET = 14.5;
				LD_RUNPATH_SEARCH_PATHS = (
					"$(inherited)",
					"@executable_path/Frameworks",
				);
				PRODUCT_BUNDLE_IDENTIFIER = sihyun.MemoPractice;
				PRODUCT_NAME = "$(TARGET_NAME)";
				SWIFT_VERSION = 5.0;
				TARGETED_DEVICE_FAMILY = "1,2";
			};
			name = Release;
		};
/* End XCBuildConfiguration section */

/* Begin XCConfigurationList section */
		4060D55E26F03725005C2956 /* Build configuration list for PBXProject "MemoPractice" */ = {
			isa = XCConfigurationList;
			buildConfigurations = (
				4060D57826F03727005C2956 /* Debug */,
				4060D57926F03727005C2956 /* Release */,
			);
			defaultConfigurationIsVisible = 0;
			defaultConfigurationName = Release;
		};
		4060D57A26F03727005C2956 /* Build configuration list for PBXNativeTarget "MemoPractice" */ = {
			isa = XCConfigurationList;
			buildConfigurations = (
				4060D57B26F03727005C2956 /* Debug */,
				4060D57C26F03727005C2956 /* Release */,
			);
			defaultConfigurationIsVisible = 0;
			defaultConfigurationName = Release;
		};
/* End XCConfigurationList section */

/* Begin XCVersionGroup section */
		4060D56F26F03725005C2956 /* MemoPractice.xcdatamodeld */ = {
			isa = XCVersionGroup;
			children = (
				4060D57026F03725005C2956 /* MemoPractice.xcdatamodel */,
			);
			currentVersion = 4060D57026F03725005C2956 /* MemoPractice.xcdatamodel */;
			path = MemoPractice.xcdatamodeld;
			sourceTree = "<group>";
			versionGroupType = wrapper.xcdatamodel;
		};
/* End XCVersionGroup section */
	};
	rootObject = 4060D55B26F03725005C2956 /* Project object */;
}
